
Microsoft Visual Studio Solution File, Format Version 12.00
# Visual Studio 15
VisualStudioVersion = 15.0.28307.757
MinimumVisualStudioVersion = 10.0.40219.1
Project("{888888A0-9F3D-457C-B088-3A5042F75D52}") = "creversi", "creversi.pyproj", "{5FB84759-0504-4A9A-8D93-C7E3E41CBB0F}"
EndProject
Global
	GlobalSection(SolutionConfigurationPlatforms) = preSolution
		Debug|Any CPU = Debug|Any CPU
		Release|Any CPU = Release|Any CPU
	EndGlobalSection
	GlobalSection(ProjectConfigurationPlatforms) = postSolution
		{5FB84759-0504-4A9A-8D93-C7E3E41CBB0F}.Debug|Any CPU.ActiveCfg = Debug|Any CPU
		{5FB84759-0504-4A9A-8D93-C7E3E41CBB0F}.Release|Any CPU.ActiveCfg = Release|Any CPU
	EndGlobalSection
	GlobalSection(SolutionProperties) = preSolution
		HideSolutionNode = FALSE
	EndGlobalSection
	GlobalSection(ExtensibilityGlobals) = postSolution
		SolutionGuid = {4C5E1BC5-705F-410F-B6A6-C2DAFFB59138}
	EndGlobalSection
EndGlobal
