
Microsoft Visual Studio Solution File, Format Version 12.00
# Visual Studio 15
VisualStudioVersion = 15.0.28307.757
MinimumVisualStudioVersion = 10.0.40219.1
Project("{888888A0-9F3D-457C-B088-3A5042F75D52}") = "creversi", "creversi.pyproj", "{5FB84759-0504-4A9A-8D93-C7E3E41CBB0F}"
EndProject
Project("{8BC9CEB8-8B4A-11D0-8D11-00A0C91BC942}") = "creversi_cpp", "creversi_cpp\creversi_cpp.vcxproj", "{9E0768D0-EE42-49AF-836F-F4D05A74B1F9}"
EndProject
Project("{8BC9CEB8-8B4A-11D0-8D11-00A0C91BC942}") = "test_cpp", "test_cpp\test_cpp.vcxproj", "{087FC98C-82A6-424E-BBCC-38352D0FD2D4}"
EndProject
Global
	GlobalSection(SolutionConfigurationPlatforms) = preSolution
		Debug|Any CPU = Debug|Any CPU
		Debug|x64 = Debug|x64
		Debug|x86 = Debug|x86
		Release|Any CPU = Release|Any CPU
		Release|x64 = Release|x64
		Release|x86 = Release|x86
	EndGlobalSection
	GlobalSection(ProjectConfigurationPlatforms) = postSolution
		{5FB84759-0504-4A9A-8D93-C7E3E41CBB0F}.Debug|Any CPU.ActiveCfg = Debug|Any CPU
		{5FB84759-0504-4A9A-8D93-C7E3E41CBB0F}.Debug|x64.ActiveCfg = Debug|Any CPU
		{5FB84759-0504-4A9A-8D93-C7E3E41CBB0F}.Debug|x86.ActiveCfg = Debug|Any CPU
		{5FB84759-0504-4A9A-8D93-C7E3E41CBB0F}.Release|Any CPU.ActiveCfg = Release|Any CPU
		{5FB84759-0504-4A9A-8D93-C7E3E41CBB0F}.Release|x64.ActiveCfg = Release|Any CPU
		{5FB84759-0504-4A9A-8D93-C7E3E41CBB0F}.Release|x86.ActiveCfg = Release|Any CPU
		{9E0768D0-EE42-49AF-836F-F4D05A74B1F9}.Debug|Any CPU.ActiveCfg = Debug|Win32
		{9E0768D0-EE42-49AF-836F-F4D05A74B1F9}.Debug|x64.ActiveCfg = Debug|x64
		{9E0768D0-EE42-49AF-836F-F4D05A74B1F9}.Debug|x64.Build.0 = Debug|x64
		{9E0768D0-EE42-49AF-836F-F4D05A74B1F9}.Debug|x86.ActiveCfg = Debug|Win32
		{9E0768D0-EE42-49AF-836F-F4D05A74B1F9}.Debug|x86.Build.0 = Debug|Win32
		{9E0768D0-EE42-49AF-836F-F4D05A74B1F9}.Release|Any CPU.ActiveCfg = Release|Win32
		{9E0768D0-EE42-49AF-836F-F4D05A74B1F9}.Release|x64.ActiveCfg = Release|x64
		{9E0768D0-EE42-49AF-836F-F4D05A74B1F9}.Release|x64.Build.0 = Release|x64
		{9E0768D0-EE42-49AF-836F-F4D05A74B1F9}.Release|x86.ActiveCfg = Release|Win32
		{9E0768D0-EE42-49AF-836F-F4D05A74B1F9}.Release|x86.Build.0 = Release|Win32
		{087FC98C-82A6-424E-BBCC-38352D0FD2D4}.Debug|Any CPU.ActiveCfg = Debug|Win32
		{087FC98C-82A6-424E-BBCC-38352D0FD2D4}.Debug|x64.ActiveCfg = Debug|x64
		{087FC98C-82A6-424E-BBCC-38352D0FD2D4}.Debug|x64.Build.0 = Debug|x64
		{087FC98C-82A6-424E-BBCC-38352D0FD2D4}.Debug|x86.ActiveCfg = Debug|Win32
		{087FC98C-82A6-424E-BBCC-38352D0FD2D4}.Debug|x86.Build.0 = Debug|Win32
		{087FC98C-82A6-424E-BBCC-38352D0FD2D4}.Release|Any CPU.ActiveCfg = Release|Win32
		{087FC98C-82A6-424E-BBCC-38352D0FD2D4}.Release|x64.ActiveCfg = Release|x64
		{087FC98C-82A6-424E-BBCC-38352D0FD2D4}.Release|x64.Build.0 = Release|x64
		{087FC98C-82A6-424E-BBCC-38352D0FD2D4}.Release|x86.ActiveCfg = Release|Win32
		{087FC98C-82A6-424E-BBCC-38352D0FD2D4}.Release|x86.Build.0 = Release|Win32
	EndGlobalSection
	GlobalSection(SolutionProperties) = preSolution
		HideSolutionNode = FALSE
	EndGlobalSection
	GlobalSection(ExtensibilityGlobals) = postSolution
		SolutionGuid = {4C5E1BC5-705F-410F-B6A6-C2DAFFB59138}
	EndGlobalSection
EndGlobal
